hash: 4106696adabb3f9e95abe41acd885818fd11e2b0e823742c26dfe7aec6cddb3c
updated: 2016-11-01T15:45:51.43921219+09:00
imports:
- name: github.com/davecgh/go-spew
  version: 6d212800a42e8ab5c146b8ace3490ee17e5225f9
  subpackages:
  - spew
- name: github.com/jessevdk/go-flags
  version: a44368c298f0906bc8509ee776b9d3eedb9b5741
- name: github.com/lestrrat-go/pdebug
  version: 2e6eaaa5717f81bda41d27070d3c966f40a1e75f
- name: github.com/lestrrat-go/strcursor
  version: cbe932022364859ae125f9122e4bc4d56958c401
- name: golang.org/x/text
  version: a8b38433e35b65ba247bb267317037dee1b70cea
  subpackages:
  - encoding
  - encoding/charmap
  - encoding/internal
  - encoding/internal/identifier
  - encoding/japanese
  - encoding/korean
  - encoding/simplifiedchinese
  - encoding/traditionalchinese
  - encoding/unicode
  - internal/utf8internal
  - runes
  - transform
testImports:
- name: github.com/pmezard/go-difflib
  version: 792786c7400a136282c1664665ae0a8db921c6c2
  subpackages:
  - difflib
- name: github.com/stretchr/testify
  version: 976c720a22c8eb4eb6a0b4348ad85ad12491a506
  subpackages:
  - assert
